
Microsoft Visual Studio Solution File, Format Version 12.00
# Visual Studio Version 16
VisualStudioVersion = 16.0.30804.86
MinimumVisualStudioVersion = 10.0.40219.1
Project("{FAE04EC0-301F-11D3-BF4B-00C04F79EFBC}") = "tarefeiro", "tarefeiro\tarefeiro.csproj", "{032705CD-84BA-4DD5-93FB-B8D3DD020186}"
EndProject
Global
	GlobalSection(SolutionConfigurationPlatforms) = preSolution
		Debug|Any CPU = Debug|Any CPU
		Release|Any CPU = Release|Any CPU
	EndGlobalSection
	GlobalSection(ProjectConfigurationPlatforms) = postSolution
		{032705CD-84BA-4DD5-93FB-B8D3DD020186}.Debug|Any CPU.ActiveCfg = Debug|Any CPU
		{032705CD-84BA-4DD5-93FB-B8D3DD020186}.Debug|Any CPU.Build.0 = Debug|Any CPU
		{032705CD-84BA-4DD5-93FB-B8D3DD020186}.Release|Any CPU.ActiveCfg = Release|Any CPU
		{032705CD-84BA-4DD5-93FB-B8D3DD020186}.Release|Any CPU.Build.0 = Release|Any CPU
	EndGlobalSection
	GlobalSection(SolutionProperties) = preSolution
		HideSolutionNode = FALSE
	EndGlobalSection
	GlobalSection(ExtensibilityGlobals) = postSolution
		SolutionGuid = {2A3D16F8-294B-438D-8E56-E81D56BD76BA}
	EndGlobalSection
EndGlobal
